{
  "version": 4,
  "terraform_version": "1.8.2",
  "serial": 90,
  "lineage": "3fe4ec3c-5e5b-fa54-5e58-b5d587a2c64e",
  "outputs": {
    "public_ip_address": {
      "value": "DevBox-vm: 52.170.213.39",
      "type": "string"
    }
  },
  "resources": [
    {
      "mode": "data",
      "type": "azurerm_public_ip",
      "name": "chat-ip-data",
      "provider": "provider[\"registry.terraform.io/hashicorp/azurerm\"]",
      "instances": [
        {
          "schema_version": 0,
          "attributes": {
            "allocation_method": "Dynamic",
            "ddos_protection_mode": "VirtualNetworkInherited",
            "ddos_protection_plan_id": null,
            "domain_name_label": "",
            "fqdn": "",
            "id": "/subscriptions/4465cf7c-8bde-41f8-aa38-938da8ac30a9/resourceGroups/DevBox/providers/Microsoft.Network/publicIPAddresses/DevBox-pip",
            "idle_timeout_in_minutes": 4,
            "ip_address": "52.170.213.39",
            "ip_tags": {},
            "ip_version": "IPv4",
            "location": "eastus",
            "name": "DevBox-pip",
            "resource_group_name": "DevBox",
            "reverse_fqdn": "",
            "sku": "Basic",
            "tags": {
              "environment": "dev"
            },
            "timeouts": null,
            "zones": []
          },
          "sensitive_attributes": []
        }
      ]
    },
    {
      "mode": "managed",
      "type": "azurerm_linux_virtual_machine",
      "name": "chat-vm",
      "provider": "provider[\"registry.terraform.io/hashicorp/azurerm\"]",
      "instances": [
        {
          "schema_version": 0,
          "attributes": {
            "additional_capabilities": [],
            "admin_password": null,
            "admin_ssh_key": [
              {
                "public_key": "ssh-rsa AAAAB3NzaC1yc2EAAAADAQABAAACAQC/wuq/CDqOApFRkdde2WXzdR5f+WO6/qLxpsH9+7hkFmpIPKWJW0Btk5RFtv4SC8YIJfzx9n5JENHIdNhWXexI+srjkjKZZQ5Q8iHoDVEXsT4iqG32roWWO+Q14Gif1Eay4ZLEUsvEP9WY4Zev0iechHCoANcw81bCkyEbuIKvo73Lxaj+cxTCQFp5OMhZUWX3g8UytMcvpyGfLIMWKT+YFP9K2rXDWDwcToJA+YZksbNlhz+pXvMvr0gzVYMdKNlfEV7XrtufSDp9mM3fax+vWUqo7o+K1QJ9NEQ1t7eMs1Hze40A8p/x2zoJejL3B2kkCvGa+EdALfrs3oqBRWAg6H9lN4fEv2pkN6olPqKR5hczdFhihcU8FMn6MGMgmxHZUkBrGavb2pa+qBXCDbq1mZ7ZSg/eW0RaBqio77w4rVYGnbBV9xGnraFnyZXWVNAOIMCZEtULEu/I4uwlwyOEpZmc1mknUQuPlY5Y7d71dEjC5S31f+gMVe0SHG2rNz9nXiGYd2wlSfPNvaa6WezgfNGgAe4mvZzAiu+lN1nrjWUIERrgSPFIGYtYXpi18Kmmj2QVFRuSSCHgCQz2E+LKhHtWKzRzUlE9t1rBTK2gjbQ+omadJoGaM4VNdWIH1Kbs0M+6t0mlA9MQbL0qoMNEAyKaznIG7cKivCYgRY4d/Q== brandon@laptop-m68UHIV\n",
                "username": "adminuser"
              }
            ],
            "admin_username": "adminuser",
            "allow_extension_operations": true,
            "availability_set_id": "",
            "boot_diagnostics": [],
            "bypass_platform_safety_checks_on_user_schedule_enabled": false,
            "capacity_reservation_group_id": "",
            "computer_name": "DevBox-vm",
            "custom_data": "IyEvYmluL2Jhc2gKc3VkbyBhcHQtZ2V0IHVwZGF0ZSAteSAmJgpzdWRvIGFwdC1nZXQgaW5zdGFsbCAteSBcCmFwdC10cmFuc3BvcnQtaHR0cHMgXApjYS1jZXJ0aWZpY2F0ZXMgXApjdXJsIFwKZ251cGctYWdlbnQgXApzb2Z0d2FyZS1wcm9wZXJ0aWVzLWNvbW1vbiAmJgpjdXJsIC1mc3NsIGh0dHBzOi8vZG93bmxvYWQuZG9ja2VyLmNvbS9saW51eC91YnVudHUvZ3BnIHwgc3VkbyBhcHQta2V5IGFkZCAtICYmCnN1ZG8gYWRkLWFwdC1yZXBvc2l0b3J5ICJkZWIgW2FyY2g9YW1kNjRdIGh0dHBzOi8vZG93bmxvYWQuZG9ja2VyLmNvbS9saW51eC91YnVudHUgJChsc2JfcmVsZWFzZSAtY3MpIHN0YWJsZSIgJiYKc3VkbyBhcHQtZ2V0IHVwZGF0ZSAteSAmJgpzdWRvIHN1ZG8gYXB0LWdldCBpbnN0YWxsIGRvY2tlci1jZSBkb2NrZXItY2UtY2xpIGNvbnRhaW5lcmQuaW8gZ2l0IC15ICYmCnN1ZG8gdXNlcm1vZCAtYUcgZG9ja2VyIHVidW50dQpzdWRvIGFwdC1nZXQgdXBkYXRlIC15CnN1ZG8gd2dldCBodHRwczovL3JlcG8uYW5hY29uZGEuY29tL21pbmljb25kYS9NaW5pY29uZGEzLWxhdGVzdC1MaW51eC14ODZfNjQuc2ggLU8gfi9taW5pY29uZGEuc2ggJiYgY2htb2QgK3ggbWluaWNvbmRhLnNoCnN1ZG8gfi9taW5pY29uZGEuc2ggLWIgLXAgJEhPTUUvbWluaWNvbmRhCnN1ZG8gZXZhbCAiJCgvJEhPTUUvbWluaWNvbmRhL2Jpbi9jb25kYSBzaGVsbC5iYXNoIGhvb2spIgpjb25kYSBpbml0CmNvbmRhIHVwZGF0ZSBjb25kYSAteQoKc3VkbyBhcHQtZ2V0IHVwZGF0ZSAmJiBzdWRvIGFwdC1nZXQgaW5zdGFsbCAteSBnbnVwZyBzb2Z0d2FyZS1wcm9wZXJ0aWVzLWNvbW1vbgp3Z2V0IC1PLSBodHRwczovL2FwdC5yZWxlYXNlcy5oYXNoaWNvcnAuY29tL2dwZyB8IFwKZ3BnIC0tZGVhcm1vciB8IFwKc3VkbyB0ZWUgL3Vzci9zaGFyZS9rZXlyaW5ncy9oYXNoaWNvcnAtYXJjaGl2ZS1rZXlyaW5nLmdwZyA+IC9kZXYvbnVsbApncGcgLS1uby1kZWZhdWx0LWtleXJpbmcgXAotLWtleXJpbmcgL3Vzci9zaGFyZS9rZXlyaW5ncy9oYXNoaWNvcnAtYXJjaGl2ZS1rZXlyaW5nLmdwZyBcCi0tZmluZ2VycHJpbnQKZWNobyAiZGViIFtzaWduZWQtYnk9L3Vzci9zaGFyZS9rZXlyaW5ncy9oYXNoaWNvcnAtYXJjaGl2ZS1rZXlyaW5nLmdwZ10gXApodHRwczovL2FwdC5yZWxlYXNlcy5oYXNoaWNvcnAuY29tICQobHNiX3JlbGVhc2UgLWNzKSBtYWluIiB8IFwKc3VkbyB0ZWUgL2V0Yy9hcHQvc291cmNlcy5saXN0LmQvaGFzaGljb3JwLmxpc3QKc3VkbyBhcHQgdXBkYXRlCnN1ZG8gYXB0LWdldCBpbnN0YWxsIHRlcnJhZm9ybQ==",
            "dedicated_host_group_id": "",
            "dedicated_host_id": "",
            "disable_password_authentication": true,
            "disk_controller_type": "SCSI",
            "edge_zone": "",
            "encryption_at_host_enabled": false,
            "eviction_policy": "",
            "extensions_time_budget": "PT1H30M",
            "gallery_application": [],
            "id": "/subscriptions/4465cf7c-8bde-41f8-aa38-938da8ac30a9/resourceGroups/DevBox/providers/Microsoft.Compute/virtualMachines/DevBox-vm",
            "identity": [],
            "license_type": "",
            "location": "eastus",
            "max_bid_price": -1,
            "name": "DevBox-vm",
            "network_interface_ids": [
              "/subscriptions/4465cf7c-8bde-41f8-aa38-938da8ac30a9/resourceGroups/DevBox/providers/Microsoft.Network/networkInterfaces/DevBox-nic"
            ],
            "os_disk": [
              {
                "caching": "ReadWrite",
                "diff_disk_settings": [],
                "disk_encryption_set_id": "",
                "disk_size_gb": 30,
                "name": "DevBox-vm_OsDisk_1_69d3d8e3058b429199f04f341754d0e1",
                "secure_vm_disk_encryption_set_id": "",
                "security_encryption_type": "",
                "storage_account_type": "Standard_LRS",
                "write_accelerator_enabled": false
              }
            ],
            "os_image_notification": [],
            "patch_assessment_mode": "ImageDefault",
            "patch_mode": "ImageDefault",
            "plan": [],
            "platform_fault_domain": -1,
            "priority": "Regular",
            "private_ip_address": "10.123.1.4",
            "private_ip_addresses": [
              "10.123.1.4"
            ],
            "provision_vm_agent": true,
            "proximity_placement_group_id": "",
            "public_ip_address": "13.82.22.225",
            "public_ip_addresses": [
              "13.82.22.225"
            ],
            "reboot_setting": "",
            "resource_group_name": "DevBox",
            "secret": [],
            "secure_boot_enabled": false,
            "size": "Standard_DS1_v2",
            "source_image_id": "",
            "source_image_reference": [
              {
                "offer": "0001-com-ubuntu-server-jammy",
                "publisher": "canonical",
                "sku": "22_04-lts-gen2",
                "version": "latest"
              }
            ],
            "tags": {
              "environment": "dev"
            },
            "termination_notification": null,
            "timeouts": null,
            "user_data": "",
            "virtual_machine_id": "8e76e6c1-a669-451e-8edf-132984de952a",
            "virtual_machine_scale_set_id": "",
            "vm_agent_platform_updates_enabled": false,
            "vtpm_enabled": false,
            "zone": ""
          },
          "sensitive_attributes": [
            [
              {
                "type": "get_attr",
                "value": "custom_data"
              }
            ],
            [
              {
                "type": "get_attr",
                "value": "admin_password"
              }
            ]
          ],
          "private": "eyJlMmJmYjczMC1lY2FhLTExZTYtOGY4OC0zNDM2M2JjN2M0YzAiOnsiY3JlYXRlIjoyNzAwMDAwMDAwMDAwLCJkZWxldGUiOjI3MDAwMDAwMDAwMDAsInJlYWQiOjMwMDAwMDAwMDAwMCwidXBkYXRlIjoyNzAwMDAwMDAwMDAwfX0=",
          "dependencies": [
            "azurerm_network_interface.nic",
            "azurerm_public_ip.pip",
            "azurerm_resource_group.rg",
            "azurerm_subnet.subnet",
            "azurerm_virtual_network.vnet"
          ]
        }
      ]
    },
    {
      "mode": "managed",
      "type": "azurerm_network_interface",
      "name": "nic",
      "provider": "provider[\"registry.terraform.io/hashicorp/azurerm\"]",
      "instances": [
        {
          "schema_version": 0,
          "attributes": {
            "applied_dns_servers": [],
            "auxiliary_mode": "",
            "auxiliary_sku": "",
            "dns_servers": [],
            "edge_zone": "",
            "enable_accelerated_networking": false,
            "enable_ip_forwarding": false,
            "id": "/subscriptions/4465cf7c-8bde-41f8-aa38-938da8ac30a9/resourceGroups/DevBox/providers/Microsoft.Network/networkInterfaces/DevBox-nic",
            "internal_dns_name_label": "",
            "internal_domain_name_suffix": "10vgjhcb0dteva02xbhjjropyf.bx.internal.cloudapp.net",
            "ip_configuration": [
              {
                "gateway_load_balancer_frontend_ip_configuration_id": "",
                "name": "DevBox-ipconfig",
                "primary": true,
                "private_ip_address": "10.123.1.4",
                "private_ip_address_allocation": "Dynamic",
                "private_ip_address_version": "IPv4",
                "public_ip_address_id": "/subscriptions/4465cf7c-8bde-41f8-aa38-938da8ac30a9/resourceGroups/DevBox/providers/Microsoft.Network/publicIPAddresses/DevBox-pip",
                "subnet_id": "/subscriptions/4465cf7c-8bde-41f8-aa38-938da8ac30a9/resourceGroups/DevBox/providers/Microsoft.Network/virtualNetworks/DevBox-vnet/subnets/DevBox-subnet"
              }
            ],
            "location": "eastus",
            "mac_address": "00-22-48-2D-6D-DF",
            "name": "DevBox-nic",
            "private_ip_address": "10.123.1.4",
            "private_ip_addresses": [
              "10.123.1.4"
            ],
            "resource_group_name": "DevBox",
            "tags": {
              "environment": "dev"
            },
            "timeouts": null,
            "virtual_machine_id": "/subscriptions/4465cf7c-8bde-41f8-aa38-938da8ac30a9/resourceGroups/DevBox/providers/Microsoft.Compute/virtualMachines/DevBox-vm"
          },
          "sensitive_attributes": [],
          "private": "eyJlMmJmYjczMC1lY2FhLTExZTYtOGY4OC0zNDM2M2JjN2M0YzAiOnsiY3JlYXRlIjoxODAwMDAwMDAwMDAwLCJkZWxldGUiOjE4MDAwMDAwMDAwMDAsInJlYWQiOjMwMDAwMDAwMDAwMCwidXBkYXRlIjoxODAwMDAwMDAwMDAwfX0=",
          "dependencies": [
            "azurerm_public_ip.pip",
            "azurerm_resource_group.rg",
            "azurerm_subnet.subnet",
            "azurerm_virtual_network.vnet"
          ]
        }
      ]
    },
    {
      "mode": "managed",
      "type": "azurerm_network_security_group",
      "name": "nsg",
      "provider": "provider[\"registry.terraform.io/hashicorp/azurerm\"]",
      "instances": [
        {
          "schema_version": 0,
          "attributes": {
            "id": "/subscriptions/4465cf7c-8bde-41f8-aa38-938da8ac30a9/resourceGroups/DevBox/providers/Microsoft.Network/networkSecurityGroups/DevBox-nsg",
            "location": "eastus",
            "name": "DevBox-nsg",
            "resource_group_name": "DevBox",
            "security_rule": [
              {
                "access": "Allow",
                "description": "",
                "destination_address_prefix": "*",
                "destination_address_prefixes": [],
                "destination_application_security_group_ids": [],
                "destination_port_range": "22",
                "destination_port_ranges": [],
                "direction": "Inbound",
                "name": "AllowSSH",
                "priority": 1001,
                "protocol": "Tcp",
                "source_address_prefix": "*",
                "source_address_prefixes": [],
                "source_application_security_group_ids": [],
                "source_port_range": "*",
                "source_port_ranges": []
              }
            ],
            "tags": {
              "environment": "dev"
            },
            "timeouts": null
          },
          "sensitive_attributes": [],
          "private": "eyJlMmJmYjczMC1lY2FhLTExZTYtOGY4OC0zNDM2M2JjN2M0YzAiOnsiY3JlYXRlIjoxODAwMDAwMDAwMDAwLCJkZWxldGUiOjE4MDAwMDAwMDAwMDAsInJlYWQiOjMwMDAwMDAwMDAwMCwidXBkYXRlIjoxODAwMDAwMDAwMDAwfX0=",
          "dependencies": [
            "azurerm_resource_group.rg"
          ]
        }
      ]
    },
    {
      "mode": "managed",
      "type": "azurerm_network_security_rule",
      "name": "allow_ssh",
      "provider": "provider[\"registry.terraform.io/hashicorp/azurerm\"]",
      "instances": [
        {
          "schema_version": 0,
          "attributes": {
            "access": "Allow",
            "description": "",
            "destination_address_prefix": "*",
            "destination_address_prefixes": [],
            "destination_application_security_group_ids": [],
            "destination_port_range": "22",
            "destination_port_ranges": [],
            "direction": "Inbound",
            "id": "/subscriptions/4465cf7c-8bde-41f8-aa38-938da8ac30a9/resourceGroups/DevBox/providers/Microsoft.Network/networkSecurityGroups/DevBox-nsg/securityRules/AllowSSH",
            "name": "AllowSSH",
            "network_security_group_name": "DevBox-nsg",
            "priority": 1001,
            "protocol": "Tcp",
            "resource_group_name": "DevBox",
            "source_address_prefix": "*",
            "source_address_prefixes": [],
            "source_application_security_group_ids": [],
            "source_port_range": "*",
            "source_port_ranges": [],
            "timeouts": null
          },
          "sensitive_attributes": [],
          "private": "eyJlMmJmYjczMC1lY2FhLTExZTYtOGY4OC0zNDM2M2JjN2M0YzAiOnsiY3JlYXRlIjoxODAwMDAwMDAwMDAwLCJkZWxldGUiOjE4MDAwMDAwMDAwMDAsInJlYWQiOjMwMDAwMDAwMDAwMCwidXBkYXRlIjoxODAwMDAwMDAwMDAwfX0=",
          "dependencies": [
            "azurerm_network_security_group.nsg",
            "azurerm_resource_group.rg"
          ]
        }
      ]
    },
    {
      "mode": "managed",
      "type": "azurerm_public_ip",
      "name": "pip",
      "provider": "provider[\"registry.terraform.io/hashicorp/azurerm\"]",
      "instances": [
        {
          "schema_version": 0,
          "attributes": {
            "allocation_method": "Dynamic",
            "ddos_protection_mode": "VirtualNetworkInherited",
            "ddos_protection_plan_id": null,
            "domain_name_label": null,
            "edge_zone": "",
            "fqdn": null,
            "id": "/subscriptions/4465cf7c-8bde-41f8-aa38-938da8ac30a9/resourceGroups/DevBox/providers/Microsoft.Network/publicIPAddresses/DevBox-pip",
            "idle_timeout_in_minutes": 4,
            "ip_address": "52.170.213.39",
            "ip_tags": {},
            "ip_version": "IPv4",
            "location": "eastus",
            "name": "DevBox-pip",
            "public_ip_prefix_id": null,
            "resource_group_name": "DevBox",
            "reverse_fqdn": null,
            "sku": "Basic",
            "sku_tier": "Regional",
            "tags": {
              "environment": "dev"
            },
            "timeouts": null,
            "zones": []
          },
          "sensitive_attributes": [],
          "private": "eyJlMmJmYjczMC1lY2FhLTExZTYtOGY4OC0zNDM2M2JjN2M0YzAiOnsiY3JlYXRlIjoxODAwMDAwMDAwMDAwLCJkZWxldGUiOjE4MDAwMDAwMDAwMDAsInJlYWQiOjMwMDAwMDAwMDAwMCwidXBkYXRlIjoxODAwMDAwMDAwMDAwfX0=",
          "dependencies": [
            "azurerm_resource_group.rg"
          ]
        }
      ]
    },
    {
      "mode": "managed",
      "type": "azurerm_resource_group",
      "name": "rg",
      "provider": "provider[\"registry.terraform.io/hashicorp/azurerm\"]",
      "instances": [
        {
          "schema_version": 0,
          "attributes": {
            "id": "/subscriptions/4465cf7c-8bde-41f8-aa38-938da8ac30a9/resourceGroups/DevBox",
            "location": "eastus",
            "managed_by": "",
            "name": "DevBox",
            "tags": {
              "environment": "dev"
            },
            "timeouts": null
          },
          "sensitive_attributes": [],
          "private": "eyJlMmJmYjczMC1lY2FhLTExZTYtOGY4OC0zNDM2M2JjN2M0YzAiOnsiY3JlYXRlIjo1NDAwMDAwMDAwMDAwLCJkZWxldGUiOjU0MDAwMDAwMDAwMDAsInJlYWQiOjMwMDAwMDAwMDAwMCwidXBkYXRlIjo1NDAwMDAwMDAwMDAwfX0="
        }
      ]
    },
    {
      "mode": "managed",
      "type": "azurerm_subnet",
      "name": "subnet",
      "provider": "provider[\"registry.terraform.io/hashicorp/azurerm\"]",
      "instances": [
        {
          "schema_version": 0,
          "attributes": {
            "address_prefixes": [
              "10.123.1.0/24"
            ],
            "delegation": [],
            "enforce_private_link_endpoint_network_policies": false,
            "enforce_private_link_service_network_policies": false,
            "id": "/subscriptions/4465cf7c-8bde-41f8-aa38-938da8ac30a9/resourceGroups/DevBox/providers/Microsoft.Network/virtualNetworks/DevBox-vnet/subnets/DevBox-subnet",
            "name": "DevBox-subnet",
            "private_endpoint_network_policies_enabled": true,
            "private_link_service_network_policies_enabled": true,
            "resource_group_name": "DevBox",
            "service_endpoint_policy_ids": [],
            "service_endpoints": [],
            "timeouts": null,
            "virtual_network_name": "DevBox-vnet"
          },
          "sensitive_attributes": [],
          "private": "eyJlMmJmYjczMC1lY2FhLTExZTYtOGY4OC0zNDM2M2JjN2M0YzAiOnsiY3JlYXRlIjoxODAwMDAwMDAwMDAwLCJkZWxldGUiOjE4MDAwMDAwMDAwMDAsInJlYWQiOjMwMDAwMDAwMDAwMCwidXBkYXRlIjoxODAwMDAwMDAwMDAwfX0=",
          "dependencies": [
            "azurerm_resource_group.rg",
            "azurerm_virtual_network.vnet"
          ]
        }
      ]
    },
    {
      "mode": "managed",
      "type": "azurerm_subnet_network_security_group_association",
      "name": "nsg_association",
      "provider": "provider[\"registry.terraform.io/hashicorp/azurerm\"]",
      "instances": [
        {
          "schema_version": 0,
          "attributes": {
            "id": "/subscriptions/4465cf7c-8bde-41f8-aa38-938da8ac30a9/resourceGroups/DevBox/providers/Microsoft.Network/virtualNetworks/DevBox-vnet/subnets/DevBox-subnet",
            "network_security_group_id": "/subscriptions/4465cf7c-8bde-41f8-aa38-938da8ac30a9/resourceGroups/DevBox/providers/Microsoft.Network/networkSecurityGroups/DevBox-nsg",
            "subnet_id": "/subscriptions/4465cf7c-8bde-41f8-aa38-938da8ac30a9/resourceGroups/DevBox/providers/Microsoft.Network/virtualNetworks/DevBox-vnet/subnets/DevBox-subnet",
            "timeouts": null
          },
          "sensitive_attributes": [],
          "private": "eyJlMmJmYjczMC1lY2FhLTExZTYtOGY4OC0zNDM2M2JjN2M0YzAiOnsiY3JlYXRlIjoxODAwMDAwMDAwMDAwLCJkZWxldGUiOjE4MDAwMDAwMDAwMDAsInJlYWQiOjMwMDAwMDAwMDAwMH19",
          "dependencies": [
            "azurerm_network_security_group.nsg",
            "azurerm_resource_group.rg",
            "azurerm_subnet.subnet",
            "azurerm_virtual_network.vnet"
          ]
        }
      ]
    },
    {
      "mode": "managed",
      "type": "azurerm_virtual_network",
      "name": "vnet",
      "provider": "provider[\"registry.terraform.io/hashicorp/azurerm\"]",
      "instances": [
        {
          "schema_version": 0,
          "attributes": {
            "address_space": [
              "10.123.0.0/16"
            ],
            "bgp_community": "",
            "ddos_protection_plan": [],
            "dns_servers": [],
            "edge_zone": "",
            "encryption": [],
            "flow_timeout_in_minutes": 0,
            "guid": "9c64aade-d041-4ae6-835c-b84e94c5cfc5",
            "id": "/subscriptions/4465cf7c-8bde-41f8-aa38-938da8ac30a9/resourceGroups/DevBox/providers/Microsoft.Network/virtualNetworks/DevBox-vnet",
            "location": "eastus",
            "name": "DevBox-vnet",
            "resource_group_name": "DevBox",
            "subnet": [
              {
                "address_prefix": "10.123.1.0/24",
                "id": "/subscriptions/4465cf7c-8bde-41f8-aa38-938da8ac30a9/resourceGroups/DevBox/providers/Microsoft.Network/virtualNetworks/DevBox-vnet/subnets/DevBox-subnet",
                "name": "DevBox-subnet",
                "security_group": "/subscriptions/4465cf7c-8bde-41f8-aa38-938da8ac30a9/resourceGroups/DevBox/providers/Microsoft.Network/networkSecurityGroups/DevBox-nsg"
              }
            ],
            "tags": {
              "environment": "dev"
            },
            "timeouts": null
          },
          "sensitive_attributes": [],
          "private": "eyJlMmJmYjczMC1lY2FhLTExZTYtOGY4OC0zNDM2M2JjN2M0YzAiOnsiY3JlYXRlIjoxODAwMDAwMDAwMDAwLCJkZWxldGUiOjE4MDAwMDAwMDAwMDAsInJlYWQiOjMwMDAwMDAwMDAwMCwidXBkYXRlIjoxODAwMDAwMDAwMDAwfX0=",
          "dependencies": [
            "azurerm_resource_group.rg"
          ]
        }
      ]
    }
  ],
  "check_results": null
}
