{
  "version": 4,
  "terraform_version": "1.8.2",
  "serial": 46,
  "lineage": "3fe4ec3c-5e5b-fa54-5e58-b5d587a2c64e",
  "outputs": {
    "public_ip_address": {
      "value": "chatwithme-vm: ",
      "type": "string"
    }
  },
  "resources": [
    {
      "mode": "data",
      "type": "azurerm_public_ip",
      "name": "chat-ip-data",
      "provider": "provider[\"registry.terraform.io/hashicorp/azurerm\"]",
      "instances": [
        {
          "schema_version": 0,
          "attributes": {
            "allocation_method": "Dynamic",
            "domain_name_label": "",
            "fqdn": "",
            "id": "/subscriptions/4465cf7c-8bde-41f8-aa38-938da8ac30a9/resourceGroups/chatwithme-rg/providers/Microsoft.Network/publicIPAddresses/chatwithme-pip",
            "idle_timeout_in_minutes": 4,
            "ip_address": "",
            "ip_version": "IPv4",
            "location": "eastus",
            "name": "chatwithme-pip",
            "resource_group_name": "chatwithme-rg",
            "reverse_fqdn": "",
            "sku": "Basic",
            "tags": {
              "environment": "dev"
            },
            "timeouts": null,
            "zones": []
          },
          "sensitive_attributes": []
        }
      ]
    },
    {
      "mode": "managed",
      "type": "azurerm_linux_virtual_machine",
      "name": "chat-vm",
      "provider": "provider[\"registry.terraform.io/hashicorp/azurerm\"]",
      "instances": [
        {
          "schema_version": 0,
          "attributes": {
            "additional_capabilities": [],
            "admin_password": null,
            "admin_ssh_key": [
              {
                "public_key": "ssh-rsa AAAAB3NzaC1yc2EAAAADAQABAAACAQC/wuq/CDqOApFRkdde2WXzdR5f+WO6/qLxpsH9+7hkFmpIPKWJW0Btk5RFtv4SC8YIJfzx9n5JENHIdNhWXexI+srjkjKZZQ5Q8iHoDVEXsT4iqG32roWWO+Q14Gif1Eay4ZLEUsvEP9WY4Zev0iechHCoANcw81bCkyEbuIKvo73Lxaj+cxTCQFp5OMhZUWX3g8UytMcvpyGfLIMWKT+YFP9K2rXDWDwcToJA+YZksbNlhz+pXvMvr0gzVYMdKNlfEV7XrtufSDp9mM3fax+vWUqo7o+K1QJ9NEQ1t7eMs1Hze40A8p/x2zoJejL3B2kkCvGa+EdALfrs3oqBRWAg6H9lN4fEv2pkN6olPqKR5hczdFhihcU8FMn6MGMgmxHZUkBrGavb2pa+qBXCDbq1mZ7ZSg/eW0RaBqio77w4rVYGnbBV9xGnraFnyZXWVNAOIMCZEtULEu/I4uwlwyOEpZmc1mknUQuPlY5Y7d71dEjC5S31f+gMVe0SHG2rNz9nXiGYd2wlSfPNvaa6WezgfNGgAe4mvZzAiu+lN1nrjWUIERrgSPFIGYtYXpi18Kmmj2QVFRuSSCHgCQz2E+LKhHtWKzRzUlE9t1rBTK2gjbQ+omadJoGaM4VNdWIH1Kbs0M+6t0mlA9MQbL0qoMNEAyKaznIG7cKivCYgRY4d/Q== brandon@laptop-m68UHIV\n",
                "username": "adminuser"
              }
            ],
            "admin_username": "adminuser",
            "allow_extension_operations": true,
            "availability_set_id": "",
            "boot_diagnostics": [],
            "computer_name": "chatwithme-vm",
            "custom_data": "IyEvYmluL2Jhc2gKc3VkbyBhcHQtZ2V0IHVwZGF0ZSAteSAmJgpzdWRvIGFwdC1nZXQgaW5zdGFsbCAteSBcCmFwdC10cmFuc3BvcnQtaHR0cHMgXApjYS1jZXJ0aWZpY2F0ZXMgXApjdXJsIFwKZ251cGctYWdlbnQgXApzb2Z0d2FyZS1wcm9wZXJ0aWVzLWNvbW1vbiAmJgpjdXJsIC1mc3NsIGh0dHBzOi8vZG93bmxvYWQuZG9ja2VyLmNvbS9saW51eC91YnVudHUvZ3BnIHwgc3VkbyBhcHQta2V5IGFkZCAtICYmCnN1ZG8gYWRkLWFwdC1yZXBvc2l0b3J5ICJkZWIgW2FyY2g9YW1kNjRdIGh0dHBzOi8vZG93bmxvYWQuZG9ja2VyLmNvbS9saW51eC91YnVudHUgJChsc2JfcmVsZWFzZSAtY3MpIHN0YWJsZSIgJiYKc3VkbyBhcHQtZ2V0IHVwZGF0ZSAteSAmJgpzdWRvIHN1ZG8gYXB0LWdldCBpbnN0YWxsIGRvY2tlci1jZSBkb2NrZXItY2UtY2xpIGNvbnRhaW5lcmQuaW8gLXkgJiYKc3VkbyB1c2VybW9kIC1hRyBkb2NrZXIgdWJ1bnR1",
            "dedicated_host_id": "",
            "disable_password_authentication": true,
            "eviction_policy": "",
            "id": "/subscriptions/4465cf7c-8bde-41f8-aa38-938da8ac30a9/resourceGroups/chatwithme-rg/providers/Microsoft.Compute/virtualMachines/chatwithme-vm",
            "identity": [],
            "location": "eastus",
            "max_bid_price": -1,
            "name": "chatwithme-vm",
            "network_interface_ids": [
              "/subscriptions/4465cf7c-8bde-41f8-aa38-938da8ac30a9/resourceGroups/chatwithme-rg/providers/Microsoft.Network/networkInterfaces/chatwithme-nic"
            ],
            "os_disk": [
              {
                "caching": "ReadWrite",
                "diff_disk_settings": [],
                "disk_encryption_set_id": "",
                "disk_size_gb": 30,
                "name": "chatwithme-vm_OsDisk_1_84087f92c7cf4b5ea068e28ed06c3872",
                "storage_account_type": "Standard_LRS",
                "write_accelerator_enabled": false
              }
            ],
            "plan": [],
            "priority": "Regular",
            "private_ip_address": "10.123.1.4",
            "private_ip_addresses": [
              "10.123.1.4"
            ],
            "provision_vm_agent": true,
            "proximity_placement_group_id": "",
            "public_ip_address": "20.231.9.70",
            "public_ip_addresses": [
              "20.231.9.70"
            ],
            "resource_group_name": "chatwithme-rg",
            "secret": [],
            "size": "Standard_DS1_v2",
            "source_image_id": "",
            "source_image_reference": [
              {
                "offer": "0001-com-ubuntu-server-jammy",
                "publisher": "canonical",
                "sku": "22_04-lts-gen2",
                "version": "latest"
              }
            ],
            "tags": {
              "environment": "dev"
            },
            "timeouts": null,
            "virtual_machine_id": "d28b5c0b-1433-4eb7-90f8-2147495f3c6c",
            "zone": ""
          },
          "sensitive_attributes": [
            [
              {
                "type": "get_attr",
                "value": "custom_data"
              }
            ],
            [
              {
                "type": "get_attr",
                "value": "admin_password"
              }
            ]
          ],
          "private": "eyJlMmJmYjczMC1lY2FhLTExZTYtOGY4OC0zNDM2M2JjN2M0YzAiOnsiY3JlYXRlIjoyNzAwMDAwMDAwMDAwLCJkZWxldGUiOjI3MDAwMDAwMDAwMDAsInJlYWQiOjMwMDAwMDAwMDAwMCwidXBkYXRlIjoyNzAwMDAwMDAwMDAwfX0=",
          "dependencies": [
            "azurerm_network_interface.nic",
            "azurerm_public_ip.pip",
            "azurerm_resource_group.rg",
            "azurerm_subnet.subnet",
            "azurerm_virtual_network.vnet"
          ]
        }
      ]
    },
    {
      "mode": "managed",
      "type": "azurerm_network_interface",
      "name": "nic",
      "provider": "provider[\"registry.terraform.io/hashicorp/azurerm\"]",
      "instances": [
        {
          "schema_version": 0,
          "attributes": {
            "applied_dns_servers": [],
            "dns_servers": [],
            "enable_accelerated_networking": false,
            "enable_ip_forwarding": false,
            "id": "/subscriptions/4465cf7c-8bde-41f8-aa38-938da8ac30a9/resourceGroups/chatwithme-rg/providers/Microsoft.Network/networkInterfaces/chatwithme-nic",
            "internal_dns_name_label": "",
            "internal_domain_name_suffix": "",
            "ip_configuration": [
              {
                "name": "chatwithme-ipconfig",
                "primary": true,
                "private_ip_address": "10.123.1.4",
                "private_ip_address_allocation": "Dynamic",
                "private_ip_address_version": "IPv4",
                "public_ip_address_id": "/subscriptions/4465cf7c-8bde-41f8-aa38-938da8ac30a9/resourceGroups/chatwithme-rg/providers/Microsoft.Network/publicIPAddresses/chatwithme-pip",
                "subnet_id": "/subscriptions/4465cf7c-8bde-41f8-aa38-938da8ac30a9/resourceGroups/chatwithme-rg/providers/Microsoft.Network/virtualNetworks/chatwithme-vnet/subnets/chat-subnet"
              }
            ],
            "location": "eastus",
            "mac_address": "60-45-BD-EE-36-DC",
            "name": "chatwithme-nic",
            "private_ip_address": "10.123.1.4",
            "private_ip_addresses": [
              "10.123.1.4"
            ],
            "resource_group_name": "chatwithme-rg",
            "tags": {
              "environment": "dev"
            },
            "timeouts": null,
            "virtual_machine_id": ""
          },
          "sensitive_attributes": [],
          "private": "eyJlMmJmYjczMC1lY2FhLTExZTYtOGY4OC0zNDM2M2JjN2M0YzAiOnsiY3JlYXRlIjoxODAwMDAwMDAwMDAwLCJkZWxldGUiOjE4MDAwMDAwMDAwMDAsInJlYWQiOjMwMDAwMDAwMDAwMCwidXBkYXRlIjoxODAwMDAwMDAwMDAwfX0=",
          "dependencies": [
            "azurerm_public_ip.pip",
            "azurerm_resource_group.rg",
            "azurerm_subnet.subnet",
            "azurerm_virtual_network.vnet"
          ]
        }
      ]
    },
    {
      "mode": "managed",
      "type": "azurerm_network_security_group",
      "name": "nsg",
      "provider": "provider[\"registry.terraform.io/hashicorp/azurerm\"]",
      "instances": [
        {
          "schema_version": 0,
          "attributes": {
            "id": "/subscriptions/4465cf7c-8bde-41f8-aa38-938da8ac30a9/resourceGroups/chatwithme-rg/providers/Microsoft.Network/networkSecurityGroups/chatwithme-nsg",
            "location": "eastus",
            "name": "chatwithme-nsg",
            "resource_group_name": "chatwithme-rg",
            "security_rule": [
              {
                "access": "Allow",
                "description": "",
                "destination_address_prefix": "*",
                "destination_address_prefixes": [],
                "destination_application_security_group_ids": [],
                "destination_port_range": "22",
                "destination_port_ranges": [],
                "direction": "Inbound",
                "name": "AllowSSH",
                "priority": 1001,
                "protocol": "Tcp",
                "source_address_prefix": "*",
                "source_address_prefixes": [],
                "source_application_security_group_ids": [],
                "source_port_range": "*",
                "source_port_ranges": []
              }
            ],
            "tags": {
              "environment": "dev"
            },
            "timeouts": null
          },
          "sensitive_attributes": [],
          "private": "eyJlMmJmYjczMC1lY2FhLTExZTYtOGY4OC0zNDM2M2JjN2M0YzAiOnsiY3JlYXRlIjoxODAwMDAwMDAwMDAwLCJkZWxldGUiOjE4MDAwMDAwMDAwMDAsInJlYWQiOjMwMDAwMDAwMDAwMCwidXBkYXRlIjoxODAwMDAwMDAwMDAwfX0=",
          "dependencies": [
            "azurerm_resource_group.rg"
          ]
        }
      ]
    },
    {
      "mode": "managed",
      "type": "azurerm_network_security_rule",
      "name": "allow_ssh",
      "provider": "provider[\"registry.terraform.io/hashicorp/azurerm\"]",
      "instances": [
        {
          "schema_version": 0,
          "attributes": {
            "access": "Allow",
            "description": "",
            "destination_address_prefix": "*",
            "destination_address_prefixes": [],
            "destination_application_security_group_ids": [],
            "destination_port_range": "22",
            "destination_port_ranges": [],
            "direction": "Inbound",
            "id": "/subscriptions/4465cf7c-8bde-41f8-aa38-938da8ac30a9/resourceGroups/chatwithme-rg/providers/Microsoft.Network/networkSecurityGroups/chatwithme-nsg/securityRules/AllowSSH",
            "name": "AllowSSH",
            "network_security_group_name": "chatwithme-nsg",
            "priority": 1001,
            "protocol": "Tcp",
            "resource_group_name": "chatwithme-rg",
            "source_address_prefix": "*",
            "source_address_prefixes": [],
            "source_application_security_group_ids": [],
            "source_port_range": "*",
            "source_port_ranges": [],
            "timeouts": null
          },
          "sensitive_attributes": [],
          "private": "eyJlMmJmYjczMC1lY2FhLTExZTYtOGY4OC0zNDM2M2JjN2M0YzAiOnsiY3JlYXRlIjoxODAwMDAwMDAwMDAwLCJkZWxldGUiOjE4MDAwMDAwMDAwMDAsInJlYWQiOjMwMDAwMDAwMDAwMCwidXBkYXRlIjoxODAwMDAwMDAwMDAwfX0=",
          "dependencies": [
            "azurerm_network_security_group.nsg",
            "azurerm_resource_group.rg"
          ]
        }
      ]
    },
    {
      "mode": "managed",
      "type": "azurerm_public_ip",
      "name": "pip",
      "provider": "provider[\"registry.terraform.io/hashicorp/azurerm\"]",
      "instances": [
        {
          "schema_version": 0,
          "attributes": {
            "allocation_method": "Dynamic",
            "domain_name_label": null,
            "fqdn": null,
            "id": "/subscriptions/4465cf7c-8bde-41f8-aa38-938da8ac30a9/resourceGroups/chatwithme-rg/providers/Microsoft.Network/publicIPAddresses/chatwithme-pip",
            "idle_timeout_in_minutes": 4,
            "ip_address": "",
            "ip_version": "IPv4",
            "location": "eastus",
            "name": "chatwithme-pip",
            "public_ip_prefix_id": null,
            "resource_group_name": "chatwithme-rg",
            "reverse_fqdn": null,
            "sku": "Basic",
            "tags": {
              "environment": "dev"
            },
            "timeouts": null,
            "zones": []
          },
          "sensitive_attributes": [],
          "private": "eyJlMmJmYjczMC1lY2FhLTExZTYtOGY4OC0zNDM2M2JjN2M0YzAiOnsiY3JlYXRlIjoxODAwMDAwMDAwMDAwLCJkZWxldGUiOjE4MDAwMDAwMDAwMDAsInJlYWQiOjMwMDAwMDAwMDAwMCwidXBkYXRlIjoxODAwMDAwMDAwMDAwfX0=",
          "dependencies": [
            "azurerm_resource_group.rg"
          ]
        }
      ]
    },
    {
      "mode": "managed",
      "type": "azurerm_resource_group",
      "name": "rg",
      "provider": "provider[\"registry.terraform.io/hashicorp/azurerm\"]",
      "instances": [
        {
          "schema_version": 0,
          "attributes": {
            "id": "/subscriptions/4465cf7c-8bde-41f8-aa38-938da8ac30a9/resourceGroups/chatwithme-rg",
            "location": "eastus",
            "name": "chatwithme-rg",
            "tags": {
              "environment": "dev"
            },
            "timeouts": null
          },
          "sensitive_attributes": [],
          "private": "eyJlMmJmYjczMC1lY2FhLTExZTYtOGY4OC0zNDM2M2JjN2M0YzAiOnsiY3JlYXRlIjo1NDAwMDAwMDAwMDAwLCJkZWxldGUiOjU0MDAwMDAwMDAwMDAsInJlYWQiOjMwMDAwMDAwMDAwMCwidXBkYXRlIjo1NDAwMDAwMDAwMDAwfX0="
        }
      ]
    },
    {
      "mode": "managed",
      "type": "azurerm_subnet",
      "name": "subnet",
      "provider": "provider[\"registry.terraform.io/hashicorp/azurerm\"]",
      "instances": [
        {
          "schema_version": 0,
          "attributes": {
            "address_prefix": "10.123.1.0/24",
            "delegation": [],
            "enforce_private_link_endpoint_network_policies": false,
            "enforce_private_link_service_network_policies": false,
            "id": "/subscriptions/4465cf7c-8bde-41f8-aa38-938da8ac30a9/resourceGroups/chatwithme-rg/providers/Microsoft.Network/virtualNetworks/chatwithme-vnet/subnets/chat-subnet",
            "name": "chat-subnet",
            "resource_group_name": "chatwithme-rg",
            "service_endpoints": [],
            "timeouts": null,
            "virtual_network_name": "chatwithme-vnet"
          },
          "sensitive_attributes": [],
          "private": "eyJlMmJmYjczMC1lY2FhLTExZTYtOGY4OC0zNDM2M2JjN2M0YzAiOnsiY3JlYXRlIjoxODAwMDAwMDAwMDAwLCJkZWxldGUiOjE4MDAwMDAwMDAwMDAsInJlYWQiOjMwMDAwMDAwMDAwMCwidXBkYXRlIjoxODAwMDAwMDAwMDAwfX0=",
          "dependencies": [
            "azurerm_resource_group.rg",
            "azurerm_virtual_network.vnet"
          ]
        }
      ]
    },
    {
      "mode": "managed",
      "type": "azurerm_subnet_network_security_group_association",
      "name": "nsg_association",
      "provider": "provider[\"registry.terraform.io/hashicorp/azurerm\"]",
      "instances": [
        {
          "schema_version": 0,
          "attributes": {
            "id": "/subscriptions/4465cf7c-8bde-41f8-aa38-938da8ac30a9/resourceGroups/chatwithme-rg/providers/Microsoft.Network/virtualNetworks/chatwithme-vnet/subnets/chat-subnet",
            "network_security_group_id": "/subscriptions/4465cf7c-8bde-41f8-aa38-938da8ac30a9/resourceGroups/chatwithme-rg/providers/Microsoft.Network/networkSecurityGroups/chatwithme-nsg",
            "subnet_id": "/subscriptions/4465cf7c-8bde-41f8-aa38-938da8ac30a9/resourceGroups/chatwithme-rg/providers/Microsoft.Network/virtualNetworks/chatwithme-vnet/subnets/chat-subnet",
            "timeouts": null
          },
          "sensitive_attributes": [],
          "private": "eyJlMmJmYjczMC1lY2FhLTExZTYtOGY4OC0zNDM2M2JjN2M0YzAiOnsiY3JlYXRlIjoxODAwMDAwMDAwMDAwLCJkZWxldGUiOjE4MDAwMDAwMDAwMDAsInJlYWQiOjMwMDAwMDAwMDAwMCwidXBkYXRlIjoxODAwMDAwMDAwMDAwfX0=",
          "dependencies": [
            "azurerm_network_security_group.nsg",
            "azurerm_resource_group.rg",
            "azurerm_subnet.subnet",
            "azurerm_virtual_network.vnet"
          ]
        }
      ]
    },
    {
      "mode": "managed",
      "type": "azurerm_virtual_network",
      "name": "vnet",
      "provider": "provider[\"registry.terraform.io/hashicorp/azurerm\"]",
      "instances": [
        {
          "schema_version": 0,
          "attributes": {
            "address_space": [
              "10.123.0.0/16"
            ],
            "ddos_protection_plan": [],
            "dns_servers": [],
            "guid": "1b4ba32c-f10f-46bf-af2a-192ffa577d9e",
            "id": "/subscriptions/4465cf7c-8bde-41f8-aa38-938da8ac30a9/resourceGroups/chatwithme-rg/providers/Microsoft.Network/virtualNetworks/chatwithme-vnet",
            "location": "eastus",
            "name": "chatwithme-vnet",
            "resource_group_name": "chatwithme-rg",
            "subnet": [
              {
                "address_prefix": "10.123.1.0/24",
                "id": "/subscriptions/4465cf7c-8bde-41f8-aa38-938da8ac30a9/resourceGroups/chatwithme-rg/providers/Microsoft.Network/virtualNetworks/chatwithme-vnet/subnets/chat-subnet",
                "name": "chat-subnet",
                "security_group": "/subscriptions/4465cf7c-8bde-41f8-aa38-938da8ac30a9/resourceGroups/chatwithme-rg/providers/Microsoft.Network/networkSecurityGroups/chatwithme-nsg"
              }
            ],
            "tags": {
              "environment": "dev"
            },
            "timeouts": null
          },
          "sensitive_attributes": [],
          "private": "eyJlMmJmYjczMC1lY2FhLTExZTYtOGY4OC0zNDM2M2JjN2M0YzAiOnsiY3JlYXRlIjoxODAwMDAwMDAwMDAwLCJkZWxldGUiOjE4MDAwMDAwMDAwMDAsInJlYWQiOjMwMDAwMDAwMDAwMCwidXBkYXRlIjoxODAwMDAwMDAwMDAwfX0=",
          "dependencies": [
            "azurerm_resource_group.rg"
          ]
        }
      ]
    }
  ],
  "check_results": null
}
